
Microsoft Visual Studio Solution File, Format Version 12.00
# Visual Studio Version 16
Project("{8BC9CEB8-8B4A-11D0-8D11-00A0C91BC942}") = "ALL_BUILD", "ALL_BUILD.vcxproj", "{C4F438C9-B595-309C-AA80-8E275A730376}"
	ProjectSection(ProjectDependencies) = postProject
		{4FC1573C-EC95-3ACA-9DA6-DA82F4BEB5D7} = {4FC1573C-EC95-3ACA-9DA6-DA82F4BEB5D7}
		{9832F47B-5FCE-388E-ADAB-CB4C80FCAA78} = {9832F47B-5FCE-388E-ADAB-CB4C80FCAA78}
	EndProjectSection
EndProject
Project("{8BC9CEB8-8B4A-11D0-8D11-00A0C91BC942}") = "ZERO_CHECK", "..\\ZERO_CHECK.vcxproj", "{4FC1573C-EC95-3ACA-9DA6-DA82F4BEB5D7}"
	ProjectSection(ProjectDependencies) = postProject
	EndProjectSection
EndProject
Project("{8BC9CEB8-8B4A-11D0-8D11-00A0C91BC942}") = "base64", "base64.vcxproj", "{9832F47B-5FCE-388E-ADAB-CB4C80FCAA78}"
	ProjectSection(ProjectDependencies) = postProject
		{4FC1573C-EC95-3ACA-9DA6-DA82F4BEB5D7} = {4FC1573C-EC95-3ACA-9DA6-DA82F4BEB5D7}
	EndProjectSection
EndProject
Global
	GlobalSection(SolutionConfigurationPlatforms) = preSolution
		Debug|x64 = Debug|x64
		Release|x64 = Release|x64
		MinSizeRel|x64 = MinSizeRel|x64
		RelWithDebInfo|x64 = RelWithDebInfo|x64
	EndGlobalSection
	GlobalSection(ProjectConfigurationPlatforms) = postSolution
		{C4F438C9-B595-309C-AA80-8E275A730376}.Debug|x64.ActiveCfg = Debug|x64
		{C4F438C9-B595-309C-AA80-8E275A730376}.Release|x64.ActiveCfg = Release|x64
		{C4F438C9-B595-309C-AA80-8E275A730376}.MinSizeRel|x64.ActiveCfg = MinSizeRel|x64
		{C4F438C9-B595-309C-AA80-8E275A730376}.RelWithDebInfo|x64.ActiveCfg = RelWithDebInfo|x64
		{4FC1573C-EC95-3ACA-9DA6-DA82F4BEB5D7}.Debug|x64.ActiveCfg = Debug|x64
		{4FC1573C-EC95-3ACA-9DA6-DA82F4BEB5D7}.Debug|x64.Build.0 = Debug|x64
		{4FC1573C-EC95-3ACA-9DA6-DA82F4BEB5D7}.Release|x64.ActiveCfg = Release|x64
		{4FC1573C-EC95-3ACA-9DA6-DA82F4BEB5D7}.Release|x64.Build.0 = Release|x64
		{4FC1573C-EC95-3ACA-9DA6-DA82F4BEB5D7}.MinSizeRel|x64.ActiveCfg = MinSizeRel|x64
		{4FC1573C-EC95-3ACA-9DA6-DA82F4BEB5D7}.MinSizeRel|x64.Build.0 = MinSizeRel|x64
		{4FC1573C-EC95-3ACA-9DA6-DA82F4BEB5D7}.RelWithDebInfo|x64.ActiveCfg = RelWithDebInfo|x64
		{4FC1573C-EC95-3ACA-9DA6-DA82F4BEB5D7}.RelWithDebInfo|x64.Build.0 = RelWithDebInfo|x64
		{9832F47B-5FCE-388E-ADAB-CB4C80FCAA78}.Debug|x64.ActiveCfg = Debug|x64
		{9832F47B-5FCE-388E-ADAB-CB4C80FCAA78}.Debug|x64.Build.0 = Debug|x64
		{9832F47B-5FCE-388E-ADAB-CB4C80FCAA78}.Release|x64.ActiveCfg = Release|x64
		{9832F47B-5FCE-388E-ADAB-CB4C80FCAA78}.Release|x64.Build.0 = Release|x64
		{9832F47B-5FCE-388E-ADAB-CB4C80FCAA78}.MinSizeRel|x64.ActiveCfg = MinSizeRel|x64
		{9832F47B-5FCE-388E-ADAB-CB4C80FCAA78}.MinSizeRel|x64.Build.0 = MinSizeRel|x64
		{9832F47B-5FCE-388E-ADAB-CB4C80FCAA78}.RelWithDebInfo|x64.ActiveCfg = RelWithDebInfo|x64
		{9832F47B-5FCE-388E-ADAB-CB4C80FCAA78}.RelWithDebInfo|x64.Build.0 = RelWithDebInfo|x64
	EndGlobalSection
	GlobalSection(ExtensibilityGlobals) = postSolution
		SolutionGuid = {C0780983-B88A-3000-BAAC-02AE0EC7D2BD}
	EndGlobalSection
	GlobalSection(ExtensibilityAddIns) = postSolution
	EndGlobalSection
EndGlobal
