<?xml version="1.0" encoding="utf-8"?>
<Project ToolsVersion="16.0" xmlns="http://schemas.microsoft.com/developer/msbuild/2003">
  <ItemGroup>
    <ClCompile Include="F:\common\cpps\libs\json\ConvertUTF.cpp">
      <Filter>Source Files</Filter>
    </ClCompile>
    <ClCompile Include="F:\common\cpps\libs\json\dllmain.cpp">
      <Filter>Source Files</Filter>
    </ClCompile>
    <ClCompile Include="F:\common\cpps\libs\json\json.cpp">
      <Filter>Source Files</Filter>
    </ClCompile>
    <ClCompile Include="F:\common\cpps\libs\json\json_reader.cpp">
      <Filter>Source Files</Filter>
    </ClCompile>
    <ClCompile Include="F:\common\cpps\libs\json\json_value.cpp">
      <Filter>Source Files</Filter>
    </ClCompile>
    <ClCompile Include="F:\common\cpps\libs\json\json_writer.cpp">
      <Filter>Source Files</Filter>
    </ClCompile>
    <ClCompile Include="F:\common\cpps\libs\json\jsonconvert.cpp">
      <Filter>Source Files</Filter>
    </ClCompile>
    <ClCompile Include="F:\common\cpps\libs\json\stdafx.cpp">
      <Filter>Source Files</Filter>
    </ClCompile>
  </ItemGroup>
  <ItemGroup>
    <ClInclude Include="F:\common\cpps\libs\json\ConvertUTF.h">
      <Filter>Include</Filter>
    </ClInclude>
    <ClInclude Include="F:\common\cpps\libs\json\json\allocator.h">
      <Filter>Include</Filter>
    </ClInclude>
    <ClInclude Include="F:\common\cpps\libs\json\json\assertions.h">
      <Filter>Include</Filter>
    </ClInclude>
    <ClInclude Include="F:\common\cpps\libs\json\json\autolink.h">
      <Filter>Include</Filter>
    </ClInclude>
    <ClInclude Include="F:\common\cpps\libs\json\json\config.h">
      <Filter>Include</Filter>
    </ClInclude>
    <ClInclude Include="F:\common\cpps\libs\json\json\features.h">
      <Filter>Include</Filter>
    </ClInclude>
    <ClInclude Include="F:\common\cpps\libs\json\json\forwards.h">
      <Filter>Include</Filter>
    </ClInclude>
    <ClInclude Include="F:\common\cpps\libs\json\json\json.h">
      <Filter>Include</Filter>
    </ClInclude>
    <ClInclude Include="F:\common\cpps\libs\json\json\reader.h">
      <Filter>Include</Filter>
    </ClInclude>
    <ClInclude Include="F:\common\cpps\libs\json\json\value.h">
      <Filter>Include</Filter>
    </ClInclude>
    <ClInclude Include="F:\common\cpps\libs\json\json\version.h">
      <Filter>Include</Filter>
    </ClInclude>
    <ClInclude Include="F:\common\cpps\libs\json\json\writer.h">
      <Filter>Include</Filter>
    </ClInclude>
    <ClInclude Include="F:\common\cpps\libs\json\json_batchallocator.h">
      <Filter>Include</Filter>
    </ClInclude>
    <ClInclude Include="F:\common\cpps\libs\json\json_tool.h">
      <Filter>Include</Filter>
    </ClInclude>
    <ClInclude Include="F:\common\cpps\libs\json\jsonconvert.h">
      <Filter>Include</Filter>
    </ClInclude>
    <ClInclude Include="F:\common\cpps\libs\json\stdafx.h">
      <Filter>Include</Filter>
    </ClInclude>
    <ClInclude Include="F:\common\cpps\libs\json\targetver.h">
      <Filter>Include</Filter>
    </ClInclude>
  </ItemGroup>
  <ItemGroup>
    <CustomBuild Include="F:\common\cpps\libs\json\CMakeLists.txt" />
  </ItemGroup>
  <ItemGroup>
    <Filter Include="Include">
      <UniqueIdentifier>{8BA80343-14A4-3FA3-A9A8-9D6DEDC49075}</UniqueIdentifier>
    </Filter>
    <Filter Include="Source Files">
      <UniqueIdentifier>{9C483CA4-2E8F-3304-8796-986423B33B41}</UniqueIdentifier>
    </Filter>
  </ItemGroup>
</Project>
