<?xml version="1.0" encoding="utf-8"?>
<Project ToolsVersion="16.0" xmlns="http://schemas.microsoft.com/developer/msbuild/2003">
  <ItemGroup>
    <ClCompile Include="F:\common\cpps\libs\compress\compress.cpp">
      <Filter>Source Files</Filter>
    </ClCompile>
    <ClCompile Include="F:\common\cpps\libs\compress\cpps_gzip.cpp">
      <Filter>Source Files</Filter>
    </ClCompile>
    <ClCompile Include="F:\common\cpps\libs\compress\cpps_tarfile.cpp">
      <Filter>Source Files</Filter>
    </ClCompile>
    <ClCompile Include="F:\common\cpps\libs\compress\cpps_tarfile_info.cpp">
      <Filter>Source Files</Filter>
    </ClCompile>
    <ClCompile Include="F:\common\cpps\libs\compress\cpps_zipfile.cpp">
      <Filter>Source Files</Filter>
    </ClCompile>
    <ClCompile Include="F:\common\cpps\libs\compress\cpps_zipfile_info.cpp">
      <Filter>Source Files</Filter>
    </ClCompile>
    <ClCompile Include="F:\common\cpps\libs\compress\cpps_zlib.cpp">
      <Filter>Source Files</Filter>
    </ClCompile>
    <ClCompile Include="F:\common\cpps\libs\compress\dllmain.cpp">
      <Filter>Source Files</Filter>
    </ClCompile>
    <ClCompile Include="F:\common\cpps\libs\compress\stdafx.cpp">
      <Filter>Source Files</Filter>
    </ClCompile>
    <ClCompile Include="F:\common\cpps\libs\compress\minizip\ioapi.c">
      <Filter>Source Files</Filter>
    </ClCompile>
    <ClCompile Include="F:\common\cpps\libs\compress\minizip\iowin32.c">
      <Filter>Source Files</Filter>
    </ClCompile>
    <ClCompile Include="F:\common\cpps\libs\compress\minizip\minizip.c">
      <Filter>Source Files</Filter>
    </ClCompile>
    <ClCompile Include="F:\common\cpps\libs\compress\minizip\mztools.c">
      <Filter>Source Files</Filter>
    </ClCompile>
    <ClCompile Include="F:\common\cpps\libs\compress\minizip\unzip.c">
      <Filter>Source Files</Filter>
    </ClCompile>
    <ClCompile Include="F:\common\cpps\libs\compress\minizip\zip.c">
      <Filter>Source Files</Filter>
    </ClCompile>
  </ItemGroup>
  <ItemGroup>
    <ClInclude Include="F:\common\cpps\libs\compress\cpps_gzip.h">
      <Filter>Include</Filter>
    </ClInclude>
    <ClInclude Include="F:\common\cpps\libs\compress\cpps_tarfile.h">
      <Filter>Include</Filter>
    </ClInclude>
    <ClInclude Include="F:\common\cpps\libs\compress\cpps_tarfile_info.h">
      <Filter>Include</Filter>
    </ClInclude>
    <ClInclude Include="F:\common\cpps\libs\compress\cpps_zipfile.h">
      <Filter>Include</Filter>
    </ClInclude>
    <ClInclude Include="F:\common\cpps\libs\compress\cpps_zipfile_info.h">
      <Filter>Include</Filter>
    </ClInclude>
    <ClInclude Include="F:\common\cpps\libs\compress\cpps_zlib.h">
      <Filter>Include</Filter>
    </ClInclude>
    <ClInclude Include="F:\common\cpps\libs\compress\minizip\crypt.h">
      <Filter>Include</Filter>
    </ClInclude>
    <ClInclude Include="F:\common\cpps\libs\compress\minizip\ioapi.h">
      <Filter>Include</Filter>
    </ClInclude>
    <ClInclude Include="F:\common\cpps\libs\compress\minizip\iowin32.h">
      <Filter>Include</Filter>
    </ClInclude>
    <ClInclude Include="F:\common\cpps\libs\compress\minizip\mztools.h">
      <Filter>Include</Filter>
    </ClInclude>
    <ClInclude Include="F:\common\cpps\libs\compress\minizip\unzip.h">
      <Filter>Include</Filter>
    </ClInclude>
    <ClInclude Include="F:\common\cpps\libs\compress\minizip\zip.h">
      <Filter>Include</Filter>
    </ClInclude>
    <ClInclude Include="F:\common\cpps\libs\compress\stdafx.h">
      <Filter>Include</Filter>
    </ClInclude>
    <ClInclude Include="F:\common\cpps\libs\compress\targetver.h">
      <Filter>Include</Filter>
    </ClInclude>
  </ItemGroup>
  <ItemGroup>
    <CustomBuild Include="F:\common\cpps\libs\compress\CMakeLists.txt" />
  </ItemGroup>
  <ItemGroup>
    <Filter Include="Include">
      <UniqueIdentifier>{8BA80343-14A4-3FA3-A9A8-9D6DEDC49075}</UniqueIdentifier>
    </Filter>
    <Filter Include="Source Files">
      <UniqueIdentifier>{9C483CA4-2E8F-3304-8796-986423B33B41}</UniqueIdentifier>
    </Filter>
  </ItemGroup>
</Project>
