<?xml version="1.0" encoding="utf-8"?>
<Project ToolsVersion="16.0" xmlns="http://schemas.microsoft.com/developer/msbuild/2003">
  <ItemGroup>
    <ClCompile Include="F:\common\cpps\libs\encoding\ConvertUTF.cpp">
      <Filter>Source Files</Filter>
    </ClCompile>
    <ClCompile Include="F:\common\cpps\libs\encoding\dllmain.cpp">
      <Filter>Source Files</Filter>
    </ClCompile>
    <ClCompile Include="F:\common\cpps\libs\encoding\encoding.cpp">
      <Filter>Source Files</Filter>
    </ClCompile>
    <ClCompile Include="F:\common\cpps\libs\encoding\stdafx.cpp">
      <Filter>Source Files</Filter>
    </ClCompile>
    <ClCompile Include="F:\common\cpps\libs\encoding\strnormalize.c">
      <Filter>Source Files</Filter>
    </ClCompile>
  </ItemGroup>
  <ItemGroup>
    <ClInclude Include="F:\common\cpps\libs\encoding\ConvertUTF.h">
      <Filter>Include</Filter>
    </ClInclude>
    <ClInclude Include="F:\common\cpps\libs\encoding\stdafx.h">
      <Filter>Include</Filter>
    </ClInclude>
    <ClInclude Include="F:\common\cpps\libs\encoding\strnormalize.h">
      <Filter>Include</Filter>
    </ClInclude>
    <ClInclude Include="F:\common\cpps\libs\encoding\targetver.h">
      <Filter>Include</Filter>
    </ClInclude>
  </ItemGroup>
  <ItemGroup>
    <CustomBuild Include="F:\common\cpps\libs\encoding\CMakeLists.txt" />
  </ItemGroup>
  <ItemGroup>
    <Filter Include="Include">
      <UniqueIdentifier>{8BA80343-14A4-3FA3-A9A8-9D6DEDC49075}</UniqueIdentifier>
    </Filter>
    <Filter Include="Source Files">
      <UniqueIdentifier>{9C483CA4-2E8F-3304-8796-986423B33B41}</UniqueIdentifier>
    </Filter>
  </ItemGroup>
</Project>
