
Microsoft Visual Studio Solution File, Format Version 12.00
# Visual Studio Version 16
Project("{8BC9CEB8-8B4A-11D0-8D11-00A0C91BC942}") = "ALL_BUILD", "ALL_BUILD.vcxproj", "{C4F438C9-B595-309C-AA80-8E275A730376}"
	ProjectSection(ProjectDependencies) = postProject
		{4FC1573C-EC95-3ACA-9DA6-DA82F4BEB5D7} = {4FC1573C-EC95-3ACA-9DA6-DA82F4BEB5D7}
		{A2B0FA66-EA58-3C63-9ACF-5CF5DF8C3D65} = {A2B0FA66-EA58-3C63-9ACF-5CF5DF8C3D65}
	EndProjectSection
EndProject
Project("{8BC9CEB8-8B4A-11D0-8D11-00A0C91BC942}") = "ZERO_CHECK", "..\\ZERO_CHECK.vcxproj", "{4FC1573C-EC95-3ACA-9DA6-DA82F4BEB5D7}"
	ProjectSection(ProjectDependencies) = postProject
	EndProjectSection
EndProject
Project("{8BC9CEB8-8B4A-11D0-8D11-00A0C91BC942}") = "uuid", "uuid.vcxproj", "{A2B0FA66-EA58-3C63-9ACF-5CF5DF8C3D65}"
	ProjectSection(ProjectDependencies) = postProject
		{4FC1573C-EC95-3ACA-9DA6-DA82F4BEB5D7} = {4FC1573C-EC95-3ACA-9DA6-DA82F4BEB5D7}
	EndProjectSection
EndProject
Global
	GlobalSection(SolutionConfigurationPlatforms) = preSolution
		Debug|x64 = Debug|x64
		Release|x64 = Release|x64
		MinSizeRel|x64 = MinSizeRel|x64
		RelWithDebInfo|x64 = RelWithDebInfo|x64
	EndGlobalSection
	GlobalSection(ProjectConfigurationPlatforms) = postSolution
		{C4F438C9-B595-309C-AA80-8E275A730376}.Debug|x64.ActiveCfg = Debug|x64
		{C4F438C9-B595-309C-AA80-8E275A730376}.Release|x64.ActiveCfg = Release|x64
		{C4F438C9-B595-309C-AA80-8E275A730376}.MinSizeRel|x64.ActiveCfg = MinSizeRel|x64
		{C4F438C9-B595-309C-AA80-8E275A730376}.RelWithDebInfo|x64.ActiveCfg = RelWithDebInfo|x64
		{4FC1573C-EC95-3ACA-9DA6-DA82F4BEB5D7}.Debug|x64.ActiveCfg = Debug|x64
		{4FC1573C-EC95-3ACA-9DA6-DA82F4BEB5D7}.Debug|x64.Build.0 = Debug|x64
		{4FC1573C-EC95-3ACA-9DA6-DA82F4BEB5D7}.Release|x64.ActiveCfg = Release|x64
		{4FC1573C-EC95-3ACA-9DA6-DA82F4BEB5D7}.Release|x64.Build.0 = Release|x64
		{4FC1573C-EC95-3ACA-9DA6-DA82F4BEB5D7}.MinSizeRel|x64.ActiveCfg = MinSizeRel|x64
		{4FC1573C-EC95-3ACA-9DA6-DA82F4BEB5D7}.MinSizeRel|x64.Build.0 = MinSizeRel|x64
		{4FC1573C-EC95-3ACA-9DA6-DA82F4BEB5D7}.RelWithDebInfo|x64.ActiveCfg = RelWithDebInfo|x64
		{4FC1573C-EC95-3ACA-9DA6-DA82F4BEB5D7}.RelWithDebInfo|x64.Build.0 = RelWithDebInfo|x64
		{A2B0FA66-EA58-3C63-9ACF-5CF5DF8C3D65}.Debug|x64.ActiveCfg = Debug|x64
		{A2B0FA66-EA58-3C63-9ACF-5CF5DF8C3D65}.Debug|x64.Build.0 = Debug|x64
		{A2B0FA66-EA58-3C63-9ACF-5CF5DF8C3D65}.Release|x64.ActiveCfg = Release|x64
		{A2B0FA66-EA58-3C63-9ACF-5CF5DF8C3D65}.Release|x64.Build.0 = Release|x64
		{A2B0FA66-EA58-3C63-9ACF-5CF5DF8C3D65}.MinSizeRel|x64.ActiveCfg = MinSizeRel|x64
		{A2B0FA66-EA58-3C63-9ACF-5CF5DF8C3D65}.MinSizeRel|x64.Build.0 = MinSizeRel|x64
		{A2B0FA66-EA58-3C63-9ACF-5CF5DF8C3D65}.RelWithDebInfo|x64.ActiveCfg = RelWithDebInfo|x64
		{A2B0FA66-EA58-3C63-9ACF-5CF5DF8C3D65}.RelWithDebInfo|x64.Build.0 = RelWithDebInfo|x64
	EndGlobalSection
	GlobalSection(ExtensibilityGlobals) = postSolution
		SolutionGuid = {CDD33B16-5E9C-3EAF-81F3-DB08A2F12124}
	EndGlobalSection
	GlobalSection(ExtensibilityAddIns) = postSolution
	EndGlobalSection
EndGlobal
